// !$*UTF8*$!
{
	archiveVersion = 1;
	classes = {
	};
	objectVersion = 46;
	objects = {

/* Begin PBXBuildFile section */
		E6411ED71CED84A0006C69B0 /* AppDelegate.swift in Sources */ = {isa = PBXBuildFile; fileRef = E6411ED61CED84A0006C69B0 /* AppDelegate.swift */; };
		E6411ED91CED84A0006C69B0 /* ViewController.swift in Sources */ = {isa = PBXBuildFile; fileRef = E6411ED81CED84A0006C69B0 /* ViewController.swift */; };
		E6411EDC1CED84A0006C69B0 /* Main.storyboard in Resources */ = {isa = PBXBuildFile; fileRef = E6411EDA1CED84A0006C69B0 /* Main.storyboard */; };
		E6411EDE1CED84A0006C69B0 /* Assets.xcassets in Resources */ = {isa = PBXBuildFile; fileRef = E6411EDD1CED84A0006C69B0 /* Assets.xcassets */; };
		E6411EE11CED84A0006C69B0 /* LaunchScreen.storyboard in Resources */ = {isa = PBXBuildFile; fileRef = E6411EDF1CED84A0006C69B0 /* LaunchScreen.storyboard */; };
		E6411EE91CED864C006C69B0 /* pokemon.csv in Resources */ = {isa = PBXBuildFile; fileRef = E6411EE81CED864C006C69B0 /* pokemon.csv */; };
/* End PBXBuildFile section */

/* Begin PBXFileReference section */
		E6411ED31CED84A0006C69B0 /* pokedex.app */ = {isa = PBXFileReference; explicitFileType = wrapper.application; includeInIndex = 0; path = pokedex.app; sourceTree = BUILT_PRODUCTS_DIR; };
		E6411ED61CED84A0006C69B0 /* AppDelegate.swift */ = {isa = PBXFileReference; lastKnownFileType = sourcecode.swift; path = AppDelegate.swift; sourceTree = "<group>"; };
		E6411ED81CED84A0006C69B0 /* ViewController.swift */ = {isa = PBXFileReference; lastKnownFileType = sourcecode.swift; path = ViewController.swift; sourceTree = "<group>"; };
		E6411EDB1CED84A0006C69B0 /* Base */ = {isa = PBXFileReference; lastKnownFileType = file.storyboard; name = Base; path = Base.lproj/Main.storyboard; sourceTree = "<group>"; };
		E6411EDD1CED84A0006C69B0 /* Assets.xcassets */ = {isa = PBXFileReference; lastKnownFileType = folder.assetcatalog; path = Assets.xcassets; sourceTree = "<group>"; };
		E6411EE01CED84A0006C69B0 /* Base */ = {isa = PBXFileReference; lastKnownFileType = file.storyboard; name = Base; path = Base.lproj/LaunchScreen.storyboard; sourceTree = "<group>"; };
		E6411EE21CED84A0006C69B0 /* Info.plist */ = {isa = PBXFileReference; lastKnownFileType = text.plist.xml; path = Info.plist; sourceTree = "<group>"; };
		E6411EE81CED864C006C69B0 /* pokemon.csv */ = {isa = PBXFileReference; fileEncoding = 4; lastKnownFileType = text; path = pokemon.csv; sourceTree = "<group>"; };
/* End PBXFileReference section */

/* Begin PBXFrameworksBuildPhase section */
		E6411ED01CED84A0006C69B0 /* Frameworks */ = {
			isa = PBXFrameworksBuildPhase;
			buildActionMask = 2147483647;
			files = (
			);
			runOnlyForDeploymentPostprocessing = 0;
		};
/* End PBXFrameworksBuildPhase section */

/* Begin PBXGroup section */
		E6411ECA1CED84A0006C69B0 = {
			isa = PBXGroup;
			children = (
				E6411ED51CED84A0006C69B0 /* pokedex */,
				E6411ED41CED84A0006C69B0 /* Products */,
			);
			sourceTree = "<group>";
		};
		E6411ED41CED84A0006C69B0 /* Products */ = {
			isa = PBXGroup;
			children = (
				E6411ED31CED84A0006C69B0 /* pokedex.app */,
			);
			name = Products;
			sourceTree = "<group>";
		};
		E6411ED51CED84A0006C69B0 /* pokedex */ = {
			isa = PBXGroup;
			children = (
				E6411EE81CED864C006C69B0 /* pokemon.csv */,
				E6411ED61CED84A0006C69B0 /* AppDelegate.swift */,
				E6411ED81CED84A0006C69B0 /* ViewController.swift */,
				E6411EDA1CED84A0006C69B0 /* Main.storyboard */,
				E6411EDD1CED84A0006C69B0 /* Assets.xcassets */,
				E6411EDF1CED84A0006C69B0 /* LaunchScreen.storyboard */,
				E6411EE21CED84A0006C69B0 /* Info.plist */,
			);
			path = pokedex;
			sourceTree = "<group>";
		};
/* End PBXGroup section */

/* Begin PBXNativeTarget section */
		E6411ED21CED84A0006C69B0 /* pokedex */ = {
			isa = PBXNativeTarget;
			buildConfigurationList = E6411EE51CED84A0006C69B0 /* Build configuration list for PBXNativeTarget "pokedex" */;
			buildPhases = (
				E6411ECF1CED84A0006C69B0 /* Sources */,
				E6411ED01CED84A0006C69B0 /* Frameworks */,
				E6411ED11CED84A0006C69B0 /* Resources */,
			);
			buildRules = (
			);
			dependencies = (
			);
			name = pokedex;
			productName = pokedex;
			productReference = E6411ED31CED84A0006C69B0 /* pokedex.app */;
			productType = "com.apple.product-type.application";
		};
/* End PBXNativeTarget section */

/* Begin PBXProject section */
		E6411ECB1CED84A0006C69B0 /* Project object */ = {
			isa = PBXProject;
			attributes = {
				LastSwiftUpdateCheck = 0730;
				LastUpgradeCheck = 0730;
				ORGANIZATIONNAME = "Nikema Prophet";
				TargetAttributes = {
					E6411ED21CED84A0006C69B0 = {
						CreatedOnToolsVersion = 7.3;
					};
				};
			};
			buildConfigurationList = E6411ECE1CED84A0006C69B0 /* Build configuration list for PBXProject "pokedex" */;
			compatibilityVersion = "Xcode 3.2";
			developmentRegion = English;
			hasScannedForEncodings = 0;
			knownRegions = (
				en,
				Base,
			);
			mainGroup = E6411ECA1CED84A0006C69B0;
			productRefGroup = E6411ED41CED84A0006C69B0 /* Products */;
			projectDirPath = "";
			projectRoot = "";
			targets = (
				E6411ED21CED84A0006C69B0 /* pokedex */,
			);
		};
/* End PBXProject section */

/* Begin PBXResourcesBuildPhase section */
		E6411ED11CED84A0006C69B0 /* Resources */ = {
			isa = PBXResourcesBuildPhase;
			buildActionMask = 2147483647;
			files = (
				E6411EE11CED84A0006C69B0 /* LaunchScreen.storyboard in Resources */,
				E6411EDE1CED84A0006C69B0 /* Assets.xcassets in Resources */,
				E6411EE91CED864C006C69B0 /* pokemon.csv in Resources */,
				E6411EDC1CED84A0006C69B0 /* Main.storyboard in Resources */,
			);
			runOnlyForDeploymentPostprocessing = 0;
		};
/* End PBXResourcesBuildPhase section */

/* Begin PBXSourcesBuildPhase section */
		E6411ECF1CED84A0006C69B0 /* Sources */ = {
			isa = PBXSourcesBuildPhase;
			buildActionMask = 2147483647;
			files = (
				E6411ED91CED84A0006C69B0 /* ViewController.swift in Sources */,
				E6411ED71CED84A0006C69B0 /* AppDelegate.swift in Sources */,
			);
			runOnlyForDeploymentPostprocessing = 0;
		};
/* End PBXSourcesBuildPhase section */

/* Begin PBXVariantGroup section */
		E6411EDA1CED84A0006C69B0 /* Main.storyboard */ = {
			isa = PBXVariantGroup;
			children = (
				E6411EDB1CED84A0006C69B0 /* Base */,
			);
			name = Main.storyboard;
			sourceTree = "<group>";
		};
		E6411EDF1CED84A0006C69B0 /* LaunchScreen.storyboard */ = {
			isa = PBXVariantGroup;
			children = (
				E6411EE01CED84A0006C69B0 /* Base */,
			);
			name = LaunchScreen.storyboard;
			sourceTree = "<group>";
		};
/* End PBXVariantGroup section */

/* Begin XCBuildConfiguration section */
		E6411EE31CED84A0006C69B0 /* Debug */ = {
			isa = XCBuildConfiguration;
			buildSettings = {
				ALWAYS_SEARCH_USER_PATHS = NO;
				CLANG_ANALYZER_NONNULL = YES;
				CLANG_CXX_LANGUAGE_STANDARD = "gnu++0x";
				CLANG_CXX_LIBRARY = "libc++";
				CLANG_ENABLE_MODULES = YES;
				CLANG_ENABLE_OBJC_ARC = YES;
				CLANG_WARN_BOOL_CONVERSION = YES;
				CLANG_WARN_CONSTANT_CONVERSION = YES;
				CLANG_WARN_DIRECT_OBJC_ISA_USAGE = YES_ERROR;
				CLANG_WARN_EMPTY_BODY = YES;
				CLANG_WARN_ENUM_CONVERSION = YES;
				CLANG_WARN_INT_CONVERSION = YES;
				CLANG_WARN_OBJC_ROOT_CLASS = YES_ERROR;
				CLANG_WARN_UNREACHABLE_CODE = YES;
				CLANG_WARN__DUPLICATE_METHOD_MATCH = YES;
				"CODE_SIGN_IDENTITY[sdk=iphoneos*]" = "iPhone Developer";
				COPY_PHASE_STRIP = NO;
				DEBUG_INFORMATION_FORMAT = dwarf;
				ENABLE_STRICT_OBJC_MSGSEND = YES;
				ENABLE_TESTABILITY = YES;
				GCC_C_LANGUAGE_STANDARD = gnu99;
				GCC_DYNAMIC_NO_PIC = NO;
				GCC_NO_COMMON_BLOCKS = YES;
				GCC_OPTIMIZATION_LEVEL = 0;
				GCC_PREPROCESSOR_DEFINITIONS = (
					"DEBUG=1",
					"$(inherited)",
				);
				GCC_WARN_64_TO_32_BIT_CONVERSION = YES;
				GCC_WARN_ABOUT_RETURN_TYPE = YES_ERROR;
				GCC_WARN_UNDECLARED_SELECTOR = YES;
				GCC_WARN_UNINITIALIZED_AUTOS = YES_AGGRESSIVE;
				GCC_WARN_UNUSED_FUNCTION = YES;
				GCC_WARN_UNUSED_VARIABLE = YES;
				IPHONEOS_DEPLOYMENT_TARGET = 9.3;
				MTL_ENABLE_DEBUG_INFO = YES;
				ONLY_ACTIVE_ARCH = YES;
				SDKROOT = iphoneos;
				SWIFT_OPTIMIZATION_LEVEL = "-Onone";
			};
			name = Debug;
		};
		E6411EE41CED84A0006C69B0 /* Release */ = {
			isa = XCBuildConfiguration;
			buildSettings = {
				ALWAYS_SEARCH_USER_PATHS = NO;
				CLANG_ANALYZER_NONNULL = YES;
				CLANG_CXX_LANGUAGE_STANDARD = "gnu++0x";
				CLANG_CXX_LIBRARY = "libc++";
				CLANG_ENABLE_MODULES = YES;
				CLANG_ENABLE_OBJC_ARC = YES;
				CLANG_WARN_BOOL_CONVERSION = YES;
				CLANG_WARN_CONSTANT_CONVERSION = YES;
				CLANG_WARN_DIRECT_OBJC_ISA_USAGE = YES_ERROR;
				CLANG_WARN_EMPTY_BODY = YES;
				CLANG_WARN_ENUM_CONVERSION = YES;
				CLANG_WARN_INT_CONVERSION = YES;
				CLANG_WARN_OBJC_ROOT_CLASS = YES_ERROR;
				CLANG_WARN_UNREACHABLE_CODE = YES;
				CLANG_WARN__DUPLICATE_METHOD_MATCH = YES;
				"CODE_SIGN_IDENTITY[sdk=iphoneos*]" = "iPhone Developer";
				COPY_PHASE_STRIP = NO;
				DEBUG_INFORMATION_FORMAT = "dwarf-with-dsym";
				ENABLE_NS_ASSERTIONS = NO;
				ENABLE_STRICT_OBJC_MSGSEND = YES;
				GCC_C_LANGUAGE_STANDARD = gnu99;
				GCC_NO_COMMON_BLOCKS = YES;
				GCC_WARN_64_TO_32_BIT_CONVERSION = YES;
				GCC_WARN_ABOUT_RETURN_TYPE = YES_ERROR;
				GCC_WARN_UNDECLARED_SELECTOR = YES;
				GCC_WARN_UNINITIALIZED_AUTOS = YES_AGGRESSIVE;
				GCC_WARN_UNUSED_FUNCTION = YES;
				GCC_WARN_UNUSED_VARIABLE = YES;
				IPHONEOS_DEPLOYMENT_TARGET = 9.3;
				MTL_ENABLE_DEBUG_INFO = NO;
				SDKROOT = iphoneos;
				VALIDATE_PRODUCT = YES;
			};
			name = Release;
		};
		E6411EE61CED84A0006C69B0 /* Debug */ = {
			isa = XCBuildConfiguration;
			buildSettings = {
				ASSETCATALOG_COMPILER_APPICON_NAME = AppIcon;
				INFOPLIST_FILE = pokedex/Info.plist;
				LD_RUNPATH_SEARCH_PATHS = "$(inherited) @executable_path/Frameworks";
				PRODUCT_BUNDLE_IDENTIFIER = com.prophenapps.pokedex;
				PRODUCT_NAME = "$(TARGET_NAME)";
			};
			name = Debug;
		};
		E6411EE71CED84A0006C69B0 /* Release */ = {
			isa = XCBuildConfiguration;
			buildSettings = {
				ASSETCATALOG_COMPILER_APPICON_NAME = AppIcon;
				INFOPLIST_FILE = pokedex/Info.plist;
				LD_RUNPATH_SEARCH_PATHS = "$(inherited) @executable_path/Frameworks";
				PRODUCT_BUNDLE_IDENTIFIER = com.prophenapps.pokedex;
				PRODUCT_NAME = "$(TARGET_NAME)";
			};
			name = Release;
		};
/* End XCBuildConfiguration section */

/* Begin XCConfigurationList section */
		E6411ECE1CED84A0006C69B0 /* Build configuration list for PBXProject "pokedex" */ = {
			isa = XCConfigurationList;
			buildConfigurations = (
				E6411EE31CED84A0006C69B0 /* Debug */,
				E6411EE41CED84A0006C69B0 /* Release */,
			);
			defaultConfigurationIsVisible = 0;
			defaultConfigurationName = Release;
		};
		E6411EE51CED84A0006C69B0 /* Build configuration list for PBXNativeTarget "pokedex" */ = {
			isa = XCConfigurationList;
			buildConfigurations = (
				E6411EE61CED84A0006C69B0 /* Debug */,
				E6411EE71CED84A0006C69B0 /* Release */,
			);
			defaultConfigurationIsVisible = 0;
		};
/* End XCConfigurationList section */
	};
	rootObject = E6411ECB1CED84A0006C69B0 /* Project object */;
}
